// !$*UTF8*$!
{
	archiveVersion = 1;
	classes = {
	};
	objectVersion = 77;
	objects = {

/* Begin PBXBuildFile section */
		EB59CA952E51A59A00AD621E /* SwiftyJSON in Frameworks */ = {isa = PBXBuildFile; productRef = EB59CA942E51A59A00AD621E /* SwiftyJSON */; };
		EB59CA982E51AAC000AD621E /* Cepheus in Frameworks */ = {isa = PBXBuildFile; productRef = EB59CA972E51AAC000AD621E /* Cepheus */; };
		EB6A68702E5049920091E6EE /* WatchJM Watch App.app in Embed Watch Content */ = {isa = PBXBuildFile; fileRef = EB6A686F2E5049920091E6EE /* WatchJM Watch App.app */; settings = {ATTRIBUTES = (RemoveHeadersOnCopy, ); }; };
		EB81854B2E5DE847002272C0 /* Zip in Frameworks */ = {isa = PBXBuildFile; productRef = EB81854A2E5DE847002272C0 /* Zip */; };
		EB8AD7862E5208B6002ECA40 /* SDWebImageWebPCoder in Frameworks */ = {isa = PBXBuildFile; productRef = EB8AD7852E5208B6002ECA40 /* SDWebImageWebPCoder */; };
		EB8AD7892E5208D4002ECA40 /* SDWebImageSwiftUI in Frameworks */ = {isa = PBXBuildFile; productRef = EB8AD7882E5208D4002ECA40 /* SDWebImageSwiftUI */; };
/* End PBXBuildFile section */

/* Begin PBXContainerItemProxy section */
		EB6A68712E5049920091E6EE /* PBXContainerItemProxy */ = {
			isa = PBXContainerItemProxy;
			containerPortal = EB6A68632E5049920091E6EE /* Project object */;
			proxyType = 1;
			remoteGlobalIDString = EB6A686E2E5049920091E6EE;
			remoteInfo = "WatchJM Watch App";
		};
/* End PBXContainerItemProxy section */

/* Begin PBXCopyFilesBuildPhase section */
		EB6A687F2E5049940091E6EE /* Embed Watch Content */ = {
			isa = PBXCopyFilesBuildPhase;
			buildActionMask = 2147483647;
			dstPath = "$(CONTENTS_FOLDER_PATH)/Watch";
			dstSubfolderSpec = 16;
			files = (
				EB6A68702E5049920091E6EE /* WatchJM Watch App.app in Embed Watch Content */,
			);
			name = "Embed Watch Content";
			runOnlyForDeploymentPostprocessing = 0;
		};
/* End PBXCopyFilesBuildPhase section */

/* Begin PBXFileReference section */
		EB6A68692E5049920091E6EE /* WatchJM.app */ = {isa = PBXFileReference; explicitFileType = wrapper.application; includeInIndex = 0; path = WatchJM.app; sourceTree = BUILT_PRODUCTS_DIR; };
		EB6A686F2E5049920091E6EE /* WatchJM Watch App.app */ = {isa = PBXFileReference; explicitFileType = wrapper.application; includeInIndex = 0; path = "WatchJM Watch App.app"; sourceTree = BUILT_PRODUCTS_DIR; };
/* End PBXFileReference section */

/* Begin PBXFileSystemSynchronizedRootGroup section */
		EB6A68732E5049920091E6EE /* WatchJM Watch App */ = {
			isa = PBXFileSystemSynchronizedRootGroup;
			path = "WatchJM Watch App";
			sourceTree = "<group>";
		};
/* End PBXFileSystemSynchronizedRootGroup section */

/* Begin PBXFrameworksBuildPhase section */
		EB6A686C2E5049920091E6EE /* Frameworks */ = {
			isa = PBXFrameworksBuildPhase;
			buildActionMask = 2147483647;
			files = (
				EB8AD7892E5208D4002ECA40 /* SDWebImageSwiftUI in Frameworks */,
				EB59CA982E51AAC000AD621E /* Cepheus in Frameworks */,
				EB59CA952E51A59A00AD621E /* SwiftyJSON in Frameworks */,
				EB8AD7862E5208B6002ECA40 /* SDWebImageWebPCoder in Frameworks */,
				EB81854B2E5DE847002272C0 /* Zip in Frameworks */,
			);
			runOnlyForDeploymentPostprocessing = 0;
		};
/* End PBXFrameworksBuildPhase section */

/* Begin PBXGroup section */
		EB6A68622E5049920091E6EE = {
			isa = PBXGroup;
			children = (
				EB6A68732E5049920091E6EE /* WatchJM Watch App */,
				EB6A686A2E5049920091E6EE /* Products */,
			);
			sourceTree = "<group>";
		};
		EB6A686A2E5049920091E6EE /* Products */ = {
			isa = PBXGroup;
			children = (
				EB6A68692E5049920091E6EE /* WatchJM.app */,
				EB6A686F2E5049920091E6EE /* WatchJM Watch App.app */,
			);
			name = Products;
			sourceTree = "<group>";
		};
/* End PBXGroup section */

/* Begin PBXNativeTarget section */
		EB6A68682E5049920091E6EE /* WatchJM */ = {
			isa = PBXNativeTarget;
			buildConfigurationList = EB6A68802E5049940091E6EE /* Build configuration list for PBXNativeTarget "WatchJM" */;
			buildPhases = (
				EB6A68672E5049920091E6EE /* Resources */,
				EB6A687F2E5049940091E6EE /* Embed Watch Content */,
			);
			buildRules = (
			);
			dependencies = (
				EB6A68722E5049920091E6EE /* PBXTargetDependency */,
			);
			name = WatchJM;
			packageProductDependencies = (
			);
			productName = WatchJM;
			productReference = EB6A68692E5049920091E6EE /* WatchJM.app */;
			productType = "com.apple.product-type.application.watchapp2-container";
		};
		EB6A686E2E5049920091E6EE /* WatchJM Watch App */ = {
			isa = PBXNativeTarget;
			buildConfigurationList = EB6A687C2E5049940091E6EE /* Build configuration list for PBXNativeTarget "WatchJM Watch App" */;
			buildPhases = (
				EB6A686B2E5049920091E6EE /* Sources */,
				EB6A686C2E5049920091E6EE /* Frameworks */,
				EB6A686D2E5049920091E6EE /* Resources */,
			);
			buildRules = (
			);
			dependencies = (
			);
			fileSystemSynchronizedGroups = (
				EB6A68732E5049920091E6EE /* WatchJM Watch App */,
			);
			name = "WatchJM Watch App";
			packageProductDependencies = (
				EB59CA942E51A59A00AD621E /* SwiftyJSON */,
				EB59CA972E51AAC000AD621E /* Cepheus */,
				EB8AD7852E5208B6002ECA40 /* SDWebImageWebPCoder */,
				EB8AD7882E5208D4002ECA40 /* SDWebImageSwiftUI */,
				EB81854A2E5DE847002272C0 /* Zip */,
			);
			productName = "WatchJM Watch App";
			productReference = EB6A686F2E5049920091E6EE /* WatchJM Watch App.app */;
			productType = "com.apple.product-type.application";
		};
/* End PBXNativeTarget section */

/* Begin PBXProject section */
		EB6A68632E5049920091E6EE /* Project object */ = {
			isa = PBXProject;
			attributes = {
				BuildIndependentTargetsInParallel = 1;
				LastSwiftUpdateCheck = 1640;
				LastUpgradeCheck = 1640;
				TargetAttributes = {
					EB6A68682E5049920091E6EE = {
						CreatedOnToolsVersion = 16.4;
					};
					EB6A686E2E5049920091E6EE = {
						CreatedOnToolsVersion = 16.4;
					};
				};
			};
			buildConfigurationList = EB6A68662E5049920091E6EE /* Build configuration list for PBXProject "WatchJM" */;
			developmentRegion = en;
			hasScannedForEncodings = 0;
			knownRegions = (
				en,
				Base,
			);
			mainGroup = EB6A68622E5049920091E6EE;
			minimizedProjectReferenceProxies = 1;
			packageReferences = (
				EB59CA932E51A59A00AD621E /* XCRemoteSwiftPackageReference "SwiftyJSON" */,
				EB59CA962E51AAC000AD621E /* XCRemoteSwiftPackageReference "Cepheus" */,
				EB8AD7842E5208B6002ECA40 /* XCRemoteSwiftPackageReference "SDWebImageWebPCoder" */,
				EB8AD7872E5208D4002ECA40 /* XCRemoteSwiftPackageReference "SDWebImageSwiftUI" */,
				EB8185492E5DE847002272C0 /* XCRemoteSwiftPackageReference "Zip" */,
			);
			preferredProjectObjectVersion = 77;
			productRefGroup = EB6A686A2E5049920091E6EE /* Products */;
			projectDirPath = "";
			projectRoot = "";
			targets = (
				EB6A68682E5049920091E6EE /* WatchJM */,
				EB6A686E2E5049920091E6EE /* WatchJM Watch App */,
			);
		};
/* End PBXProject section */

/* Begin PBXResourcesBuildPhase section */
		EB6A68672E5049920091E6EE /* Resources */ = {
			isa = PBXResourcesBuildPhase;
			buildActionMask = 2147483647;
			files = (
			);
			runOnlyForDeploymentPostprocessing = 0;
		};
		EB6A686D2E5049920091E6EE /* Resources */ = {
			isa = PBXResourcesBuildPhase;
			buildActionMask = 2147483647;
			files = (
			);
			runOnlyForDeploymentPostprocessing = 0;
		};
/* End PBXResourcesBuildPhase section */

/* Begin PBXSourcesBuildPhase section */
		EB6A686B2E5049920091E6EE /* Sources */ = {
			isa = PBXSourcesBuildPhase;
			buildActionMask = 2147483647;
			files = (
			);
			runOnlyForDeploymentPostprocessing = 0;
		};
/* End PBXSourcesBuildPhase section */

/* Begin PBXTargetDependency section */
		EB6A68722E5049920091E6EE /* PBXTargetDependency */ = {
			isa = PBXTargetDependency;
			target = EB6A686E2E5049920091E6EE /* WatchJM Watch App */;
			targetProxy = EB6A68712E5049920091E6EE /* PBXContainerItemProxy */;
		};
/* End PBXTargetDependency section */

/* Begin XCBuildConfiguration section */
		EB6A687A2E5049940091E6EE /* Debug */ = {
			isa = XCBuildConfiguration;
			buildSettings = {
				ALWAYS_SEARCH_USER_PATHS = NO;
				ASSETCATALOG_COMPILER_GENERATE_SWIFT_ASSET_SYMBOL_EXTENSIONS = YES;
				CLANG_ANALYZER_NONNULL = YES;
				CLANG_ANALYZER_NUMBER_OBJECT_CONVERSION = YES_AGGRESSIVE;
				CLANG_CXX_LANGUAGE_STANDARD = "gnu++20";
				CLANG_ENABLE_MODULES = YES;
				CLANG_ENABLE_OBJC_ARC = YES;
				CLANG_ENABLE_OBJC_WEAK = YES;
				CLANG_WARN_BLOCK_CAPTURE_AUTORELEASING = YES;
				CLANG_WARN_BOOL_CONVERSION = YES;
				CLANG_WARN_COMMA = YES;
				CLANG_WARN_CONSTANT_CONVERSION = YES;
				CLANG_WARN_DEPRECATED_OBJC_IMPLEMENTATIONS = YES;
				CLANG_WARN_DIRECT_OBJC_ISA_USAGE = YES_ERROR;
				CLANG_WARN_DOCUMENTATION_COMMENTS = YES;
				CLANG_WARN_EMPTY_BODY = YES;
				CLANG_WARN_ENUM_CONVERSION = YES;
				CLANG_WARN_INFINITE_RECURSION = YES;
				CLANG_WARN_INT_CONVERSION = YES;
				CLANG_WARN_NON_LITERAL_NULL_CONVERSION = YES;
				CLANG_WARN_OBJC_IMPLICIT_RETAIN_SELF = YES;
				CLANG_WARN_OBJC_LITERAL_CONVERSION = YES;
				CLANG_WARN_OBJC_ROOT_CLASS = YES_ERROR;
				CLANG_WARN_QUOTED_INCLUDE_IN_FRAMEWORK_HEADER = YES;
				CLANG_WARN_RANGE_LOOP_ANALYSIS = YES;
				CLANG_WARN_STRICT_PROTOTYPES = YES;
				CLANG_WARN_SUSPICIOUS_MOVE = YES;
				CLANG_WARN_UNGUARDED_AVAILABILITY = YES_AGGRESSIVE;
				CLANG_WARN_UNREACHABLE_CODE = YES;
				CLANG_WARN__DUPLICATE_METHOD_MATCH = YES;
				COPY_PHASE_STRIP = NO;
				DEBUG_INFORMATION_FORMAT = dwarf;
				DEVELOPMENT_TEAM = 32HF9YRXNS;
				ENABLE_STRICT_OBJC_MSGSEND = YES;
				ENABLE_TESTABILITY = YES;
				ENABLE_USER_SCRIPT_SANDBOXING = YES;
				GCC_C_LANGUAGE_STANDARD = gnu17;
				GCC_DYNAMIC_NO_PIC = NO;
				GCC_NO_COMMON_BLOCKS = YES;
				GCC_OPTIMIZATION_LEVEL = 0;
				GCC_PREPROCESSOR_DEFINITIONS = (
					"DEBUG=1",
					"$(inherited)",
				);
				GCC_WARN_64_TO_32_BIT_CONVERSION = YES;
				GCC_WARN_ABOUT_RETURN_TYPE = YES_ERROR;
				GCC_WARN_UNDECLARED_SELECTOR = YES;
				GCC_WARN_UNINITIALIZED_AUTOS = YES_AGGRESSIVE;
				GCC_WARN_UNUSED_FUNCTION = YES;
				GCC_WARN_UNUSED_VARIABLE = YES;
				LOCALIZATION_PREFERS_STRING_CATALOGS = YES;
				MTL_ENABLE_DEBUG_INFO = INCLUDE_SOURCE;
				MTL_FAST_MATH = YES;
				ONLY_ACTIVE_ARCH = YES;
				SWIFT_ACTIVE_COMPILATION_CONDITIONS = "DEBUG $(inherited)";
				SWIFT_OPTIMIZATION_LEVEL = "-Onone";
			};
			name = Debug;
		};
		EB6A687B2E5049940091E6EE /* Release */ = {
			isa = XCBuildConfiguration;
			buildSettings = {
				ALWAYS_SEARCH_USER_PATHS = NO;
				ASSETCATALOG_COMPILER_GENERATE_SWIFT_ASSET_SYMBOL_EXTENSIONS = YES;
				CLANG_ANALYZER_NONNULL = YES;
				CLANG_ANALYZER_NUMBER_OBJECT_CONVERSION = YES_AGGRESSIVE;
				CLANG_CXX_LANGUAGE_STANDARD = "gnu++20";
				CLANG_ENABLE_MODULES = YES;
				CLANG_ENABLE_OBJC_ARC = YES;
				CLANG_ENABLE_OBJC_WEAK = YES;
				CLANG_WARN_BLOCK_CAPTURE_AUTORELEASING = YES;
				CLANG_WARN_BOOL_CONVERSION = YES;
				CLANG_WARN_COMMA = YES;
				CLANG_WARN_CONSTANT_CONVERSION = YES;
				CLANG_WARN_DEPRECATED_OBJC_IMPLEMENTATIONS = YES;
				CLANG_WARN_DIRECT_OBJC_ISA_USAGE = YES_ERROR;
				CLANG_WARN_DOCUMENTATION_COMMENTS = YES;
				CLANG_WARN_EMPTY_BODY = YES;
				CLANG_WARN_ENUM_CONVERSION = YES;
				CLANG_WARN_INFINITE_RECURSION = YES;
				CLANG_WARN_INT_CONVERSION = YES;
				CLANG_WARN_NON_LITERAL_NULL_CONVERSION = YES;
				CLANG_WARN_OBJC_IMPLICIT_RETAIN_SELF = YES;
				CLANG_WARN_OBJC_LITERAL_CONVERSION = YES;
				CLANG_WARN_OBJC_ROOT_CLASS = YES_ERROR;
				CLANG_WARN_QUOTED_INCLUDE_IN_FRAMEWORK_HEADER = YES;
				CLANG_WARN_RANGE_LOOP_ANALYSIS = YES;
				CLANG_WARN_STRICT_PROTOTYPES = YES;
				CLANG_WARN_SUSPICIOUS_MOVE = YES;
				CLANG_WARN_UNGUARDED_AVAILABILITY = YES_AGGRESSIVE;
				CLANG_WARN_UNREACHABLE_CODE = YES;
				CLANG_WARN__DUPLICATE_METHOD_MATCH = YES;
				COPY_PHASE_STRIP = NO;
				DEBUG_INFORMATION_FORMAT = "dwarf-with-dsym";
				DEVELOPMENT_TEAM = 32HF9YRXNS;
				ENABLE_NS_ASSERTIONS = NO;
				ENABLE_STRICT_OBJC_MSGSEND = YES;
				ENABLE_USER_SCRIPT_SANDBOXING = YES;
				GCC_C_LANGUAGE_STANDARD = gnu17;
				GCC_NO_COMMON_BLOCKS = YES;
				GCC_WARN_64_TO_32_BIT_CONVERSION = YES;
				GCC_WARN_ABOUT_RETURN_TYPE = YES_ERROR;
				GCC_WARN_UNDECLARED_SELECTOR = YES;
				GCC_WARN_UNINITIALIZED_AUTOS = YES_AGGRESSIVE;
				GCC_WARN_UNUSED_FUNCTION = YES;
				GCC_WARN_UNUSED_VARIABLE = YES;
				LOCALIZATION_PREFERS_STRING_CATALOGS = YES;
				MTL_ENABLE_DEBUG_INFO = NO;
				MTL_FAST_MATH = YES;
				SWIFT_COMPILATION_MODE = wholemodule;
			};
			name = Release;
		};
		EB6A687D2E5049940091E6EE /* Debug */ = {
			isa = XCBuildConfiguration;
			buildSettings = {
				ASSETCATALOG_COMPILER_APPICON_NAME = AppIcon;
				ASSETCATALOG_COMPILER_GLOBAL_ACCENT_COLOR_NAME = AccentColor;
				CODE_SIGN_STYLE = Automatic;
				CURRENT_PROJECT_VERSION = 1;
				DEVELOPMENT_TEAM = 32HF9YRXNS;
				ENABLE_PREVIEWS = YES;
				GENERATE_INFOPLIST_FILE = YES;
				INFOPLIST_FILE = "WatchJM-Watch-App-Info.plist";
				INFOPLIST_KEY_CFBundleDisplayName = WatchJM;
				INFOPLIST_KEY_UISupportedInterfaceOrientations = "UIInterfaceOrientationPortrait UIInterfaceOrientationPortraitUpsideDown";
				INFOPLIST_KEY_WKWatchOnly = YES;
				LD_RUNPATH_SEARCH_PATHS = (
					"$(inherited)",
					"@executable_path/Frameworks",
				);
				MARKETING_VERSION = 1.0;
				PRODUCT_BUNDLE_IDENTIFIER = "com.Maverick-Charmer.WatchJM.watchkitapp";
				PRODUCT_NAME = "$(TARGET_NAME)";
				SDKROOT = watchos;
				SKIP_INSTALL = YES;
				SWIFT_EMIT_LOC_STRINGS = YES;
				SWIFT_VERSION = 5.0;
				TARGETED_DEVICE_FAMILY = 4;
				WATCHOS_DEPLOYMENT_TARGET = 10;
			};
			name = Debug;
		};
		EB6A687E2E5049940091E6EE /* Release */ = {
			isa = XCBuildConfiguration;
			buildSettings = {
				ASSETCATALOG_COMPILER_APPICON_NAME = AppIcon;
				ASSETCATALOG_COMPILER_GLOBAL_ACCENT_COLOR_NAME = AccentColor;
				CODE_SIGN_STYLE = Automatic;
				CURRENT_PROJECT_VERSION = 1;
				DEVELOPMENT_TEAM = 32HF9YRXNS;
				ENABLE_PREVIEWS = YES;
				GENERATE_INFOPLIST_FILE = YES;
				INFOPLIST_FILE = "WatchJM-Watch-App-Info.plist";
				INFOPLIST_KEY_CFBundleDisplayName = WatchJM;
				INFOPLIST_KEY_UISupportedInterfaceOrientations = "UIInterfaceOrientationPortrait UIInterfaceOrientationPortraitUpsideDown";
				INFOPLIST_KEY_WKWatchOnly = YES;
				LD_RUNPATH_SEARCH_PATHS = (
					"$(inherited)",
					"@executable_path/Frameworks",
				);
				MARKETING_VERSION = 1.0;
				PRODUCT_BUNDLE_IDENTIFIER = "com.Maverick-Charmer.WatchJM.watchkitapp";
				PRODUCT_NAME = "$(TARGET_NAME)";
				SDKROOT = watchos;
				SKIP_INSTALL = YES;
				SWIFT_EMIT_LOC_STRINGS = YES;
				SWIFT_VERSION = 5.0;
				TARGETED_DEVICE_FAMILY = 4;
				VALIDATE_PRODUCT = YES;
				WATCHOS_DEPLOYMENT_TARGET = 10;
			};
			name = Release;
		};
		EB6A68812E5049940091E6EE /* Debug */ = {
			isa = XCBuildConfiguration;
			buildSettings = {
				CODE_SIGN_STYLE = Automatic;
				CURRENT_PROJECT_VERSION = 1;
				DEVELOPMENT_TEAM = 32HF9YRXNS;
				INFOPLIST_KEY_CFBundleDisplayName = WatchJM;
				MARKETING_VERSION = 1.0;
				PRODUCT_BUNDLE_IDENTIFIER = "com.Maverick-Charmer.WatchJM";
				PRODUCT_NAME = "$(TARGET_NAME)";
				SDKROOT = iphoneos;
				SWIFT_VERSION = 5.0;
			};
			name = Debug;
		};
		EB6A68822E5049940091E6EE /* Release */ = {
			isa = XCBuildConfiguration;
			buildSettings = {
				CODE_SIGN_STYLE = Automatic;
				CURRENT_PROJECT_VERSION = 1;
				DEVELOPMENT_TEAM = 32HF9YRXNS;
				INFOPLIST_KEY_CFBundleDisplayName = WatchJM;
				MARKETING_VERSION = 1.0;
				PRODUCT_BUNDLE_IDENTIFIER = "com.Maverick-Charmer.WatchJM";
				PRODUCT_NAME = "$(TARGET_NAME)";
				SDKROOT = iphoneos;
				SWIFT_VERSION = 5.0;
				VALIDATE_PRODUCT = YES;
			};
			name = Release;
		};
/* End XCBuildConfiguration section */

/* Begin XCConfigurationList section */
		EB6A68662E5049920091E6EE /* Build configuration list for PBXProject "WatchJM" */ = {
			isa = XCConfigurationList;
			buildConfigurations = (
				EB6A687A2E5049940091E6EE /* Debug */,
				EB6A687B2E5049940091E6EE /* Release */,
			);
			defaultConfigurationIsVisible = 0;
			defaultConfigurationName = Release;
		};
		EB6A687C2E5049940091E6EE /* Build configuration list for PBXNativeTarget "WatchJM Watch App" */ = {
			isa = XCConfigurationList;
			buildConfigurations = (
				EB6A687D2E5049940091E6EE /* Debug */,
				EB6A687E2E5049940091E6EE /* Release */,
			);
			defaultConfigurationIsVisible = 0;
			defaultConfigurationName = Release;
		};
		EB6A68802E5049940091E6EE /* Build configuration list for PBXNativeTarget "WatchJM" */ = {
			isa = XCConfigurationList;
			buildConfigurations = (
				EB6A68812E5049940091E6EE /* Debug */,
				EB6A68822E5049940091E6EE /* Release */,
			);
			defaultConfigurationIsVisible = 0;
			defaultConfigurationName = Release;
		};
/* End XCConfigurationList section */

/* Begin XCRemoteSwiftPackageReference section */
		EB59CA932E51A59A00AD621E /* XCRemoteSwiftPackageReference "SwiftyJSON" */ = {
			isa = XCRemoteSwiftPackageReference;
			repositoryURL = "https://github.com/SwiftyJSON/SwiftyJSON";
			requirement = {
				kind = upToNextMajorVersion;
				minimumVersion = 5.0.2;
			};
		};
		EB59CA962E51AAC000AD621E /* XCRemoteSwiftPackageReference "Cepheus" */ = {
			isa = XCRemoteSwiftPackageReference;
			repositoryURL = "https://github.com/Qastor-Studio/Cepheus";
			requirement = {
				branch = main;
				kind = branch;
			};
		};
		EB8185492E5DE847002272C0 /* XCRemoteSwiftPackageReference "Zip" */ = {
			isa = XCRemoteSwiftPackageReference;
			repositoryURL = "https://github.com/marmelroy/Zip";
			requirement = {
				kind = upToNextMajorVersion;
				minimumVersion = 2.1.2;
			};
		};
		EB8AD7842E5208B6002ECA40 /* XCRemoteSwiftPackageReference "SDWebImageWebPCoder" */ = {
			isa = XCRemoteSwiftPackageReference;
			repositoryURL = "https://github.com/SDWebImage/SDWebImageWebPCoder";
			requirement = {
				kind = upToNextMajorVersion;
				minimumVersion = 0.14.6;
			};
		};
		EB8AD7872E5208D4002ECA40 /* XCRemoteSwiftPackageReference "SDWebImageSwiftUI" */ = {
			isa = XCRemoteSwiftPackageReference;
			repositoryURL = "https://github.com/SDWebImage/SDWebImageSwiftUI";
			requirement = {
				kind = upToNextMajorVersion;
				minimumVersion = 3.1.3;
			};
		};
/* End XCRemoteSwiftPackageReference section */

/* Begin XCSwiftPackageProductDependency section */
		EB59CA942E51A59A00AD621E /* SwiftyJSON */ = {
			isa = XCSwiftPackageProductDependency;
			package = EB59CA932E51A59A00AD621E /* XCRemoteSwiftPackageReference "SwiftyJSON" */;
			productName = SwiftyJSON;
		};
		EB59CA972E51AAC000AD621E /* Cepheus */ = {
			isa = XCSwiftPackageProductDependency;
			package = EB59CA962E51AAC000AD621E /* XCRemoteSwiftPackageReference "Cepheus" */;
			productName = Cepheus;
		};
		EB81854A2E5DE847002272C0 /* Zip */ = {
			isa = XCSwiftPackageProductDependency;
			package = EB8185492E5DE847002272C0 /* XCRemoteSwiftPackageReference "Zip" */;
			productName = Zip;
		};
		EB8AD7852E5208B6002ECA40 /* SDWebImageWebPCoder */ = {
			isa = XCSwiftPackageProductDependency;
			package = EB8AD7842E5208B6002ECA40 /* XCRemoteSwiftPackageReference "SDWebImageWebPCoder" */;
			productName = SDWebImageWebPCoder;
		};
		EB8AD7882E5208D4002ECA40 /* SDWebImageSwiftUI */ = {
			isa = XCSwiftPackageProductDependency;
			package = EB8AD7872E5208D4002ECA40 /* XCRemoteSwiftPackageReference "SDWebImageSwiftUI" */;
			productName = SDWebImageSwiftUI;
		};
/* End XCSwiftPackageProductDependency section */
	};
	rootObject = EB6A68632E5049920091E6EE /* Project object */;
}
